[[package]]
name = "beautifulsoup4"
version = "4.12.0"
description = "Screen-scraping library"
category = "main"
optional = false
python-versions = ">=3.6.0"

[package.dependencies]
soupsieve = ">1.2"

[package.extras]
html5lib = ["html5lib"]
lxml = ["lxml"]

[[package]]
name = "hupper"
version = "1.11"
description = "Integrated process monitor for developing and reloading daemons."
category = "main"
optional = false
python-versions = ">=3.7"

[package.extras]
docs = ["watchdog", "sphinx", "pylons-sphinx-themes"]
testing = ["watchdog", "pytest", "pytest-cov", "mock"]

[[package]]
name = "jinja2"
version = "3.1.2"
description = "A very fast and expressive template engine."
category = "main"
optional = false
python-versions = ">=3.7"

[package.dependencies]
MarkupSafe = ">=2.0"

[package.extras]
i18n = ["Babel (>=2.7)"]

[[package]]
name = "markupsafe"
version = "2.1.2"
description = "Safely add untrusted strings to HTML/XML markup."
category = "main"
optional = false
python-versions = ">=3.7"

[[package]]
name = "pastedeploy"
version = "3.0.1"
description = "Load, configure, and compose WSGI applications and servers"
category = "main"
optional = false
python-versions = ">=3.7"

[package.extras]
docs = ["Sphinx (>=1.7.5)", "pylons-sphinx-themes"]
paste = ["paste"]
testing = ["paste", "pytest", "pytest-cov"]

[[package]]
name = "plaster"
version = "1.1.2"
description = "A loader interface around multiple config file formats."
category = "main"
optional = false
python-versions = ">=3.7"

[package.extras]
docs = ["sphinx", "pylons-sphinx-themes"]
testing = ["pytest", "pytest-cov"]

[[package]]
name = "plaster-pastedeploy"
version = "1.0.1"
description = "A loader implementing the PasteDeploy syntax to be used by plaster."
category = "main"
optional = false
python-versions = ">=3.7"

[package.dependencies]
PasteDeploy = ">=2.0"
plaster = ">=0.5"

[package.extras]
testing = ["pytest", "pytest-cov"]

[[package]]
name = "pyramid"
version = "2.0.1"
description = "The Pyramid Web Framework, a Pylons project"
category = "main"
optional = false
python-versions = ">=3.6"

[package.dependencies]
hupper = ">=1.5"
plaster = "*"
plaster-pastedeploy = "*"
translationstring = ">=0.4"
venusian = ">=1.0"
webob = ">=1.8.3"
"zope.deprecation" = ">=3.5.0"
"zope.interface" = ">=3.8.0"

[package.extras]
docs = ["Sphinx (>=3.0.0)", "docutils", "pylons-sphinx-themes (>=1.0.8)", "pylons-sphinx-latesturl", "repoze.sphinx.autointerface", "sphinx-copybutton", "sphinxcontrib-autoprogram"]
testing = ["webtest (>=1.3.1)", "zope.component (>=4.0)", "coverage", "pytest (>=5.4.2)", "pytest-cov"]

[[package]]
name = "pyramid-jinja2"
version = "2.10"
description = "Jinja2 template bindings for the Pyramid web framework"
category = "main"
optional = false
python-versions = ">=3.7.0"

[package.dependencies]
jinja2 = ">=2.5.0,<2.11.0 || >2.11.0,<2.11.1 || >2.11.1,<2.11.2 || >2.11.2"
markupsafe = "*"
pyramid = ">=1.3.0"
"zope.deprecation" = "*"

[package.extras]
docs = ["pylons-sphinx-themes (>=0.3)", "sphinx (>=1.7.5)"]
testing = ["webtest", "coverage", "pytest (>=5.4.2)", "pytest-cov"]

[[package]]
name = "soupsieve"
version = "2.4"
description = "A modern CSS selector implementation for Beautiful Soup."
category = "main"
optional = false
python-versions = ">=3.7"

[[package]]
name = "translationstring"
version = "1.4"
description = "Utility library for i18n relied on by various Repoze and Pyramid packages"
category = "main"
optional = false
python-versions = "*"

[package.extras]
docs = ["Sphinx (>=1.3.1)", "docutils", "pylons-sphinx-themes"]

[[package]]
name = "venusian"
version = "3.0.0"
description = "A library for deferring decorator actions"
category = "main"
optional = false
python-versions = ">=3.5"

[package.extras]
docs = ["sphinx", "repoze.sphinx.autointerface"]
testing = ["pytest", "pytest-cov", "coverage"]

[[package]]
name = "waitress"
version = "2.1.2"
description = "Waitress WSGI server"
category = "main"
optional = false
python-versions = ">=3.7.0"

[package.extras]
docs = ["Sphinx (>=1.8.1)", "docutils", "pylons-sphinx-themes (>=1.0.9)"]
testing = ["pytest", "pytest-cover", "coverage (>=5.0)"]

[[package]]
name = "webob"
version = "1.8.7"
description = "WSGI request and response object"
category = "main"
optional = false
python-versions = ">=2.7,!=3.0.*,!=3.1.*,!=3.2.*"

[package.extras]
docs = ["Sphinx (>=1.7.5)", "pylons-sphinx-themes"]
testing = ["pytest (>=3.1.0)", "coverage", "pytest-cov", "pytest-xdist"]

[[package]]
name = "webtest"
version = "3.0.0"
description = "Helper to test WSGI applications"
category = "main"
optional = false
python-versions = ">=3.6, <4"

[package.dependencies]
beautifulsoup4 = "*"
waitress = ">=0.8.5"
WebOb = ">=1.2"

[package.extras]
docs = ["docutils", "pylons-sphinx-themes (>=1.0.8)", "Sphinx (>=1.8.1)"]
tests = ["coverage", "pastedeploy", "pyquery", "pytest", "pytest-cov", "wsgiproxy2"]

[[package]]
name = "zope.deprecation"
version = "4.4.0"
description = "Zope Deprecation Infrastructure"
category = "main"
optional = false
python-versions = "*"

[package.extras]
docs = ["sphinx"]
test = ["zope.testrunner"]

[[package]]
name = "zope.interface"
version = "6.0"
description = "Interfaces for Python"
category = "main"
optional = false
python-versions = ">=3.7"

[package.extras]
docs = ["sphinx", "repoze.sphinx.autointerface"]
test = ["coverage (>=5.0.3)", "zope.event", "zope.testing"]
testing = ["coverage (>=5.0.3)", "zope.event", "zope.testing"]

[metadata]
lock-version = "1.1"
python-versions = "^3.11"
content-hash = "fd54b5d87d3b18ac26c4d6c4830f5a9b4502012c52272c709fdefc406d10a65a"

[metadata.files]
beautifulsoup4 = []
hupper = []
jinja2 = []
markupsafe = []
pastedeploy = []
plaster = []
plaster-pastedeploy = []
pyramid = []
pyramid-jinja2 = []
soupsieve = []
translationstring = []
venusian = []
waitress = []
webob = []
webtest = []
"zope.deprecation" = []
"zope.interface" = []
